// !$*UTF8*$!
{
	archiveVersion = 1;
	classes = {
	};
	objectVersion = 46;
	objects = {

/* Begin PBXBuildFile section */
		4E03B4761DB6A0DD00255B2B /* GpsMapViewController.m in Sources */ = {isa = PBXBuildFile; fileRef = 4E03B4751DB6A0DD00255B2B /* GpsMapViewController.m */; };
		4E3305111D5BA74E00297F5A /* Prefs.m in Sources */ = {isa = PBXBuildFile; fileRef = 4E3305101D5BA74E00297F5A /* Prefs.m */; };
		4E55CF881DB931970025B9B8 /* VideoViewController.m in Sources */ = {isa = PBXBuildFile; fileRef = 4E55CF871DB931970025B9B8 /* VideoViewController.m */; };
		4E55CF8A1DB931A30025B9B8 /* VideoViewController.xib in Resources */ = {isa = PBXBuildFile; fileRef = 4E55CF891DB931A30025B9B8 /* VideoViewController.xib */; };
		4E5A41271D79B6D30097BC2F /* MapViewController.m in Sources */ = {isa = PBXBuildFile; fileRef = 4E5A41261D79B6D30097BC2F /* MapViewController.m */; };
		4E5A41291D79B6ED0097BC2F /* MapViewController.xib in Resources */ = {isa = PBXBuildFile; fileRef = 4E5A41281D79B6ED0097BC2F /* MapViewController.xib */; };
		4E5A412B1D79B7530097BC2F /* MapKit.framework in Frameworks */ = {isa = PBXBuildFile; fileRef = 4E5A412A1D79B7530097BC2F /* MapKit.framework */; };
		4E60A43F1DB7ECF9002FF083 /* CoreLocation.framework in Frameworks */ = {isa = PBXBuildFile; fileRef = 4E60A43D1DB7ECF1002FF083 /* CoreLocation.framework */; };
		4E6912DC1D5A2FED00972575 /* SMXMLDocument.m in Sources */ = {isa = PBXBuildFile; fileRef = 4E6912D91D5A2FED00972575 /* SMXMLDocument.m */; };
		4E6912DD1D5A2FED00972575 /* XMLCarroParser.m in Sources */ = {isa = PBXBuildFile; fileRef = 4E6912DB1D5A2FED00972575 /* XMLCarroParser.m */; };
		4E6912E01D5A2FFF00972575 /* CarroService.m in Sources */ = {isa = PBXBuildFile; fileRef = 4E6912DF1D5A2FFF00972575 /* CarroService.m */; };
		4E6912E31D5A305200972575 /* DownloadImageView.m in Sources */ = {isa = PBXBuildFile; fileRef = 4E6912E21D5A305200972575 /* DownloadImageView.m */; };
		4E75A8621D54B4370032B6B4 /* Alerta.m in Sources */ = {isa = PBXBuildFile; fileRef = 4E75A8611D54B4370032B6B4 /* Alerta.m */; };
		4E75A87D1D54D9A20032B6B4 /* DetalhesCarroViewController.m in Sources */ = {isa = PBXBuildFile; fileRef = 4E75A87B1D54D9A20032B6B4 /* DetalhesCarroViewController.m */; };
		4E75A8801D54D9BD0032B6B4 /* DetalhesCarroViewController.xib in Resources */ = {isa = PBXBuildFile; fileRef = 4E75A87F1D54D9BD0032B6B4 /* DetalhesCarroViewController.xib */; };
		4E75A88B1D5507440032B6B4 /* CarroTableViewCell.xib in Resources */ = {isa = PBXBuildFile; fileRef = 4E75A8891D5507440032B6B4 /* CarroTableViewCell.xib */; };
		4E75A88E1D55075E0032B6B4 /* CarroTableViewCell.m in Sources */ = {isa = PBXBuildFile; fileRef = 4E75A88D1D55075E0032B6B4 /* CarroTableViewCell.m */; };
		4E7B0D8A1D75C98A00181646 /* CoreData.framework in Frameworks */ = {isa = PBXBuildFile; fileRef = 4E7B0D891D75C98A00181646 /* CoreData.framework */; };
		4E7B0DB41D75CA6100181646 /* CarrosModel.xcdatamodeld in Sources */ = {isa = PBXBuildFile; fileRef = 4E7B0DB21D75CA6100181646 /* CarrosModel.xcdatamodeld */; };
		4E7B0DB91D75CB0E00181646 /* Carro+CoreDataProperties.m in Sources */ = {isa = PBXBuildFile; fileRef = 4E7B0DB61D75CB0E00181646 /* Carro+CoreDataProperties.m */; };
		4E7B0DBA1D75CB0E00181646 /* Carro.m in Sources */ = {isa = PBXBuildFile; fileRef = 4E7B0DB81D75CB0E00181646 /* Carro.m */; };
		4E7B0DBD1D75CB5500181646 /* CarroDBCoreData.m in Sources */ = {isa = PBXBuildFile; fileRef = 4E7B0DBC1D75CB5500181646 /* CarroDBCoreData.m */; };
		4E7D97D91D6DCCF8007EC3B2 /* StringUtils.m in Sources */ = {isa = PBXBuildFile; fileRef = 4E7D97D81D6DCCF8007EC3B2 /* StringUtils.m */; };
		4E8AA8621D6392B400F2C842 /* SQLiteObjc.m in Sources */ = {isa = PBXBuildFile; fileRef = 4E8AA8611D6392B400F2C842 /* SQLiteObjc.m */; };
		4E8AA8651D6392EB00F2C842 /* SQLiteHelper.m in Sources */ = {isa = PBXBuildFile; fileRef = 4E8AA8641D6392EB00F2C842 /* SQLiteHelper.m */; };
		4E8AA8671D6393AA00F2C842 /* libsqlite3.tbd in Frameworks */ = {isa = PBXBuildFile; fileRef = 4E8AA8661D6393AA00F2C842 /* libsqlite3.tbd */; };
		4EA512E71D53A16100B220EB /* main.m in Sources */ = {isa = PBXBuildFile; fileRef = 4EA512E61D53A16100B220EB /* main.m */; };
		4EA512EA1D53A16100B220EB /* AppDelegate.m in Sources */ = {isa = PBXBuildFile; fileRef = 4EA512E91D53A16100B220EB /* AppDelegate.m */; };
		4EA513221D53A21400B220EB /* ListaCarrosViewController.xib in Resources */ = {isa = PBXBuildFile; fileRef = 4EA513201D53A21400B220EB /* ListaCarrosViewController.xib */; };
		4EA513251D53A24700B220EB /* ListaCarrosViewController.m in Sources */ = {isa = PBXBuildFile; fileRef = 4EA513241D53A24700B220EB /* ListaCarrosViewController.m */; };
		4EA513371D53A2AE00B220EB /* ferrari_ff.png in Resources */ = {isa = PBXBuildFile; fileRef = 4EA513281D53A2AE00B220EB /* ferrari_ff.png */; };
		4EA513381D53A2AE00B220EB /* Images.xcassets in Resources */ = {isa = PBXBuildFile; fileRef = 4EA513291D53A2AE00B220EB /* Images.xcassets */; };
		4EA513391D53A2AE00B220EB /* mclaren.png in Resources */ = {isa = PBXBuildFile; fileRef = 4EA5132A1D53A2AE00B220EB /* mclaren.png */; };
		4EA5133A1D53A2AE00B220EB /* tab_carros.png in Resources */ = {isa = PBXBuildFile; fileRef = 4EA5132B1D53A2AE00B220EB /* tab_carros.png */; };
		4EA5133B1D53A2AE00B220EB /* tab_carros@2x.png in Resources */ = {isa = PBXBuildFile; fileRef = 4EA5132C1D53A2AE00B220EB /* tab_carros@2x.png */; };
		4EA5133C1D53A2AE00B220EB /* tab_sobre.png in Resources */ = {isa = PBXBuildFile; fileRef = 4EA5132D1D53A2AE00B220EB /* tab_sobre.png */; };
		4EA5133D1D53A2AE00B220EB /* tab_sobre@2x.png in Resources */ = {isa = PBXBuildFile; fileRef = 4EA5132E1D53A2AE00B220EB /* tab_sobre@2x.png */; };
		4EA5133E1D53A2AE00B220EB /* carros_classicos.json in Resources */ = {isa = PBXBuildFile; fileRef = 4EA513301D53A2AE00B220EB /* carros_classicos.json */; };
		4EA5133F1D53A2AE00B220EB /* carros_esportivos.json in Resources */ = {isa = PBXBuildFile; fileRef = 4EA513311D53A2AE00B220EB /* carros_esportivos.json */; };
		4EA513401D53A2AE00B220EB /* carros_luxo.json in Resources */ = {isa = PBXBuildFile; fileRef = 4EA513321D53A2AE00B220EB /* carros_luxo.json */; };
		4EA513411D53A2AE00B220EB /* carros_classicos.xml in Resources */ = {isa = PBXBuildFile; fileRef = 4EA513341D53A2AE00B220EB /* carros_classicos.xml */; };
		4EA513421D53A2AE00B220EB /* carros_esportivos.xml in Resources */ = {isa = PBXBuildFile; fileRef = 4EA513351D53A2AE00B220EB /* carros_esportivos.xml */; };
		4EA513431D53A2AE00B220EB /* carros_luxo.xml in Resources */ = {isa = PBXBuildFile; fileRef = 4EA513361D53A2AE00B220EB /* carros_luxo.xml */; };
		4EA513481D53A2D300B220EB /* SobreViewController.xib in Resources */ = {isa = PBXBuildFile; fileRef = 4EA513461D53A2D300B220EB /* SobreViewController.xib */; };
		4EA5134B1D53A2EF00B220EB /* SobreViewController.m in Sources */ = {isa = PBXBuildFile; fileRef = 4EA5134A1D53A2EF00B220EB /* SobreViewController.m */; };
/* End PBXBuildFile section */

/* Begin PBXFileReference section */
		4E03B4741DB6A0DD00255B2B /* GpsMapViewController.h */ = {isa = PBXFileReference; fileEncoding = 4; lastKnownFileType = sourcecode.c.h; name = GpsMapViewController.h; path = Controller/GpsMapViewController.h; sourceTree = "<group>"; };
		4E03B4751DB6A0DD00255B2B /* GpsMapViewController.m */ = {isa = PBXFileReference; fileEncoding = 4; lastKnownFileType = sourcecode.c.objc; name = GpsMapViewController.m; path = Controller/GpsMapViewController.m; sourceTree = "<group>"; };
		4E33050F1D5BA74E00297F5A /* Prefs.h */ = {isa = PBXFileReference; fileEncoding = 4; lastKnownFileType = sourcecode.c.h; name = Prefs.h; path = Model/Utils/Prefs.h; sourceTree = "<group>"; };
		4E3305101D5BA74E00297F5A /* Prefs.m */ = {isa = PBXFileReference; fileEncoding = 4; lastKnownFileType = sourcecode.c.objc; name = Prefs.m; path = Model/Utils/Prefs.m; sourceTree = "<group>"; };
		4E55CF861DB931970025B9B8 /* VideoViewController.h */ = {isa = PBXFileReference; fileEncoding = 4; lastKnownFileType = sourcecode.c.h; name = VideoViewController.h; path = Controller/VideoViewController.h; sourceTree = "<group>"; };
		4E55CF871DB931970025B9B8 /* VideoViewController.m */ = {isa = PBXFileReference; fileEncoding = 4; lastKnownFileType = sourcecode.c.objc; name = VideoViewController.m; path = Controller/VideoViewController.m; sourceTree = "<group>"; };
		4E55CF891DB931A30025B9B8 /* VideoViewController.xib */ = {isa = PBXFileReference; fileEncoding = 4; lastKnownFileType = file.xib; name = VideoViewController.xib; path = View/VideoViewController.xib; sourceTree = "<group>"; };
		4E5A41251D79B6D30097BC2F /* MapViewController.h */ = {isa = PBXFileReference; fileEncoding = 4; lastKnownFileType = sourcecode.c.h; name = MapViewController.h; path = Controller/MapViewController.h; sourceTree = "<group>"; };
		4E5A41261D79B6D30097BC2F /* MapViewController.m */ = {isa = PBXFileReference; fileEncoding = 4; lastKnownFileType = sourcecode.c.objc; name = MapViewController.m; path = Controller/MapViewController.m; sourceTree = "<group>"; };
		4E5A41281D79B6ED0097BC2F /* MapViewController.xib */ = {isa = PBXFileReference; fileEncoding = 4; lastKnownFileType = file.xib; name = MapViewController.xib; path = View/MapViewController.xib; sourceTree = "<group>"; };
		4E5A412A1D79B7530097BC2F /* MapKit.framework */ = {isa = PBXFileReference; lastKnownFileType = wrapper.framework; name = MapKit.framework; path = System/Library/Frameworks/MapKit.framework; sourceTree = SDKROOT; };
		4E60A4351DB7E9A6002FF083 /* CoreLocation.framework */ = {isa = PBXFileReference; lastKnownFileType = wrapper.framework; name = CoreLocation.framework; path = System/Library/Frameworks/CoreLocation.framework; sourceTree = SDKROOT; };
		4E60A43D1DB7ECF1002FF083 /* CoreLocation.framework */ = {isa = PBXFileReference; lastKnownFileType = wrapper.framework; name = CoreLocation.framework; path = System/Library/Frameworks/CoreLocation.framework; sourceTree = SDKROOT; };
		4E6912D81D5A2FED00972575 /* SMXMLDocument.h */ = {isa = PBXFileReference; fileEncoding = 4; lastKnownFileType = sourcecode.c.h; name = SMXMLDocument.h; path = Model/Utils/SMXMLDocument.h; sourceTree = "<group>"; };
		4E6912D91D5A2FED00972575 /* SMXMLDocument.m */ = {isa = PBXFileReference; fileEncoding = 4; lastKnownFileType = sourcecode.c.objc; name = SMXMLDocument.m; path = Model/Utils/SMXMLDocument.m; sourceTree = "<group>"; };
		4E6912DA1D5A2FED00972575 /* XMLCarroParser.h */ = {isa = PBXFileReference; fileEncoding = 4; lastKnownFileType = sourcecode.c.h; name = XMLCarroParser.h; path = Model/Utils/XMLCarroParser.h; sourceTree = "<group>"; };
		4E6912DB1D5A2FED00972575 /* XMLCarroParser.m */ = {isa = PBXFileReference; fileEncoding = 4; lastKnownFileType = sourcecode.c.objc; name = XMLCarroParser.m; path = Model/Utils/XMLCarroParser.m; sourceTree = "<group>"; };
		4E6912DE1D5A2FFF00972575 /* CarroService.h */ = {isa = PBXFileReference; fileEncoding = 4; lastKnownFileType = sourcecode.c.h; name = CarroService.h; path = Model/Domain/CarroService.h; sourceTree = "<group>"; };
		4E6912DF1D5A2FFF00972575 /* CarroService.m */ = {isa = PBXFileReference; fileEncoding = 4; lastKnownFileType = sourcecode.c.objc; name = CarroService.m; path = Model/Domain/CarroService.m; sourceTree = "<group>"; };
		4E6912E11D5A305200972575 /* DownloadImageView.h */ = {isa = PBXFileReference; fileEncoding = 4; lastKnownFileType = sourcecode.c.h; name = DownloadImageView.h; path = Model/Utils/DownloadImageView.h; sourceTree = "<group>"; };
		4E6912E21D5A305200972575 /* DownloadImageView.m */ = {isa = PBXFileReference; fileEncoding = 4; lastKnownFileType = sourcecode.c.objc; name = DownloadImageView.m; path = Model/Utils/DownloadImageView.m; sourceTree = "<group>"; };
		4E75A8601D54B4370032B6B4 /* Alerta.h */ = {isa = PBXFileReference; fileEncoding = 4; lastKnownFileType = sourcecode.c.h; name = Alerta.h; path = Model/Utils/Alerta.h; sourceTree = "<group>"; };
		4E75A8611D54B4370032B6B4 /* Alerta.m */ = {isa = PBXFileReference; fileEncoding = 4; lastKnownFileType = sourcecode.c.objc; name = Alerta.m; path = Model/Utils/Alerta.m; sourceTree = "<group>"; };
		4E75A87A1D54D9A20032B6B4 /* DetalhesCarroViewController.h */ = {isa = PBXFileReference; fileEncoding = 4; lastKnownFileType = sourcecode.c.h; name = DetalhesCarroViewController.h; path = Controller/DetalhesCarroViewController.h; sourceTree = "<group>"; };
		4E75A87B1D54D9A20032B6B4 /* DetalhesCarroViewController.m */ = {isa = PBXFileReference; fileEncoding = 4; lastKnownFileType = sourcecode.c.objc; name = DetalhesCarroViewController.m; path = Controller/DetalhesCarroViewController.m; sourceTree = "<group>"; };
		4E75A87F1D54D9BD0032B6B4 /* DetalhesCarroViewController.xib */ = {isa = PBXFileReference; fileEncoding = 4; lastKnownFileType = file.xib; name = DetalhesCarroViewController.xib; path = View/DetalhesCarroViewController.xib; sourceTree = "<group>"; };
		4E75A8891D5507440032B6B4 /* CarroTableViewCell.xib */ = {isa = PBXFileReference; fileEncoding = 4; lastKnownFileType = file.xib; name = CarroTableViewCell.xib; path = View/CarroTableViewCell.xib; sourceTree = "<group>"; };
		4E75A88C1D55075E0032B6B4 /* CarroTableViewCell.h */ = {isa = PBXFileReference; fileEncoding = 4; lastKnownFileType = sourcecode.c.h; name = CarroTableViewCell.h; path = Controller/CarroTableViewCell.h; sourceTree = "<group>"; };
		4E75A88D1D55075E0032B6B4 /* CarroTableViewCell.m */ = {isa = PBXFileReference; fileEncoding = 4; lastKnownFileType = sourcecode.c.objc; name = CarroTableViewCell.m; path = Controller/CarroTableViewCell.m; sourceTree = "<group>"; };
		4E7B0D891D75C98A00181646 /* CoreData.framework */ = {isa = PBXFileReference; lastKnownFileType = wrapper.framework; name = CoreData.framework; path = System/Library/Frameworks/CoreData.framework; sourceTree = SDKROOT; };
		4E7B0DB31D75CA6100181646 /* CarrosModel.xcdatamodel */ = {isa = PBXFileReference; lastKnownFileType = wrapper.xcdatamodel; path = CarrosModel.xcdatamodel; sourceTree = "<group>"; };
		4E7B0DB51D75CB0E00181646 /* Carro+CoreDataProperties.h */ = {isa = PBXFileReference; fileEncoding = 4; lastKnownFileType = sourcecode.c.h; path = "Carro+CoreDataProperties.h"; sourceTree = "<group>"; };
		4E7B0DB61D75CB0E00181646 /* Carro+CoreDataProperties.m */ = {isa = PBXFileReference; fileEncoding = 4; lastKnownFileType = sourcecode.c.objc; path = "Carro+CoreDataProperties.m"; sourceTree = "<group>"; };
		4E7B0DB71D75CB0E00181646 /* Carro.h */ = {isa = PBXFileReference; fileEncoding = 4; lastKnownFileType = sourcecode.c.h; path = Carro.h; sourceTree = "<group>"; };
		4E7B0DB81D75CB0E00181646 /* Carro.m */ = {isa = PBXFileReference; fileEncoding = 4; lastKnownFileType = sourcecode.c.objc; path = Carro.m; sourceTree = "<group>"; };
		4E7B0DBB1D75CB5500181646 /* CarroDBCoreData.h */ = {isa = PBXFileReference; fileEncoding = 4; lastKnownFileType = sourcecode.c.h; path = CarroDBCoreData.h; sourceTree = "<group>"; };
		4E7B0DBC1D75CB5500181646 /* CarroDBCoreData.m */ = {isa = PBXFileReference; fileEncoding = 4; lastKnownFileType = sourcecode.c.objc; path = CarroDBCoreData.m; sourceTree = "<group>"; };
		4E7D97D71D6DCCF8007EC3B2 /* StringUtils.h */ = {isa = PBXFileReference; fileEncoding = 4; lastKnownFileType = sourcecode.c.h; path = StringUtils.h; sourceTree = "<group>"; };
		4E7D97D81D6DCCF8007EC3B2 /* StringUtils.m */ = {isa = PBXFileReference; fileEncoding = 4; lastKnownFileType = sourcecode.c.objc; path = StringUtils.m; sourceTree = "<group>"; };
		4E8AA8601D6392B400F2C842 /* SQLiteObjc.h */ = {isa = PBXFileReference; fileEncoding = 4; lastKnownFileType = sourcecode.c.h; name = SQLiteObjc.h; path = Model/Utils/SQLiteObjc.h; sourceTree = "<group>"; };
		4E8AA8611D6392B400F2C842 /* SQLiteObjc.m */ = {isa = PBXFileReference; fileEncoding = 4; lastKnownFileType = sourcecode.c.objc; name = SQLiteObjc.m; path = Model/Utils/SQLiteObjc.m; sourceTree = "<group>"; };
		4E8AA8631D6392EB00F2C842 /* SQLiteHelper.h */ = {isa = PBXFileReference; fileEncoding = 4; lastKnownFileType = sourcecode.c.h; name = SQLiteHelper.h; path = Model/Utils/SQLiteHelper.h; sourceTree = "<group>"; };
		4E8AA8641D6392EB00F2C842 /* SQLiteHelper.m */ = {isa = PBXFileReference; fileEncoding = 4; lastKnownFileType = sourcecode.c.objc; name = SQLiteHelper.m; path = Model/Utils/SQLiteHelper.m; sourceTree = "<group>"; };
		4E8AA8661D6393AA00F2C842 /* libsqlite3.tbd */ = {isa = PBXFileReference; lastKnownFileType = "sourcecode.text-based-dylib-definition"; name = libsqlite3.tbd; path = usr/lib/libsqlite3.tbd; sourceTree = SDKROOT; };
		4EA512E21D53A16100B220EB /* Carros Objective-C.app */ = {isa = PBXFileReference; explicitFileType = wrapper.application; includeInIndex = 0; path = "Carros Objective-C.app"; sourceTree = BUILT_PRODUCTS_DIR; };
		4EA512E61D53A16100B220EB /* main.m */ = {isa = PBXFileReference; lastKnownFileType = sourcecode.c.objc; path = main.m; sourceTree = "<group>"; };
		4EA512E81D53A16100B220EB /* AppDelegate.h */ = {isa = PBXFileReference; lastKnownFileType = sourcecode.c.h; path = AppDelegate.h; sourceTree = "<group>"; };
		4EA512E91D53A16100B220EB /* AppDelegate.m */ = {isa = PBXFileReference; lastKnownFileType = sourcecode.c.objc; path = AppDelegate.m; sourceTree = "<group>"; };
		4EA512F61D53A16200B220EB /* Info.plist */ = {isa = PBXFileReference; lastKnownFileType = text.plist.xml; path = Info.plist; sourceTree = "<group>"; };
		4EA513201D53A21400B220EB /* ListaCarrosViewController.xib */ = {isa = PBXFileReference; fileEncoding = 4; lastKnownFileType = file.xib; name = ListaCarrosViewController.xib; path = View/ListaCarrosViewController.xib; sourceTree = "<group>"; };
		4EA513231D53A24700B220EB /* ListaCarrosViewController.h */ = {isa = PBXFileReference; fileEncoding = 4; lastKnownFileType = sourcecode.c.h; name = ListaCarrosViewController.h; path = Controller/ListaCarrosViewController.h; sourceTree = "<group>"; };
		4EA513241D53A24700B220EB /* ListaCarrosViewController.m */ = {isa = PBXFileReference; fileEncoding = 4; lastKnownFileType = sourcecode.c.objc; name = ListaCarrosViewController.m; path = Controller/ListaCarrosViewController.m; sourceTree = "<group>"; };
		4EA513281D53A2AE00B220EB /* ferrari_ff.png */ = {isa = PBXFileReference; lastKnownFileType = image.png; path = ferrari_ff.png; sourceTree = "<group>"; };
		4EA513291D53A2AE00B220EB /* Images.xcassets */ = {isa = PBXFileReference; lastKnownFileType = folder.assetcatalog; path = Images.xcassets; sourceTree = "<group>"; };
		4EA5132A1D53A2AE00B220EB /* mclaren.png */ = {isa = PBXFileReference; lastKnownFileType = image.png; path = mclaren.png; sourceTree = "<group>"; };
		4EA5132B1D53A2AE00B220EB /* tab_carros.png */ = {isa = PBXFileReference; lastKnownFileType = image.png; path = tab_carros.png; sourceTree = "<group>"; };
		4EA5132C1D53A2AE00B220EB /* tab_carros@2x.png */ = {isa = PBXFileReference; lastKnownFileType = image.png; path = "tab_carros@2x.png"; sourceTree = "<group>"; };
		4EA5132D1D53A2AE00B220EB /* tab_sobre.png */ = {isa = PBXFileReference; lastKnownFileType = image.png; path = tab_sobre.png; sourceTree = "<group>"; };
		4EA5132E1D53A2AE00B220EB /* tab_sobre@2x.png */ = {isa = PBXFileReference; lastKnownFileType = image.png; path = "tab_sobre@2x.png"; sourceTree = "<group>"; };
		4EA513301D53A2AE00B220EB /* carros_classicos.json */ = {isa = PBXFileReference; fileEncoding = 4; lastKnownFileType = text.json; path = carros_classicos.json; sourceTree = "<group>"; };
		4EA513311D53A2AE00B220EB /* carros_esportivos.json */ = {isa = PBXFileReference; fileEncoding = 4; lastKnownFileType = text.json; path = carros_esportivos.json; sourceTree = "<group>"; };
		4EA513321D53A2AE00B220EB /* carros_luxo.json */ = {isa = PBXFileReference; fileEncoding = 4; lastKnownFileType = text.json; path = carros_luxo.json; sourceTree = "<group>"; };
		4EA513341D53A2AE00B220EB /* carros_classicos.xml */ = {isa = PBXFileReference; fileEncoding = 4; lastKnownFileType = text.xml; path = carros_classicos.xml; sourceTree = "<group>"; };
		4EA513351D53A2AE00B220EB /* carros_esportivos.xml */ = {isa = PBXFileReference; fileEncoding = 4; lastKnownFileType = text.xml; path = carros_esportivos.xml; sourceTree = "<group>"; };
		4EA513361D53A2AE00B220EB /* carros_luxo.xml */ = {isa = PBXFileReference; fileEncoding = 4; lastKnownFileType = text.xml; path = carros_luxo.xml; sourceTree = "<group>"; };
		4EA513461D53A2D300B220EB /* SobreViewController.xib */ = {isa = PBXFileReference; fileEncoding = 4; lastKnownFileType = file.xib; name = SobreViewController.xib; path = View/SobreViewController.xib; sourceTree = "<group>"; };
		4EA513491D53A2EF00B220EB /* SobreViewController.h */ = {isa = PBXFileReference; fileEncoding = 4; lastKnownFileType = sourcecode.c.h; name = SobreViewController.h; path = Controller/SobreViewController.h; sourceTree = "<group>"; };
		4EA5134A1D53A2EF00B220EB /* SobreViewController.m */ = {isa = PBXFileReference; fileEncoding = 4; lastKnownFileType = sourcecode.c.objc; name = SobreViewController.m; path = Controller/SobreViewController.m; sourceTree = "<group>"; };
/* End PBXFileReference section */

/* Begin PBXFrameworksBuildPhase section */
		4EA512DF1D53A16100B220EB /* Frameworks */ = {
			isa = PBXFrameworksBuildPhase;
			buildActionMask = 2147483647;
			files = (
				4E5A412B1D79B7530097BC2F /* MapKit.framework in Frameworks */,
				4E7B0D8A1D75C98A00181646 /* CoreData.framework in Frameworks */,
				4E60A43F1DB7ECF9002FF083 /* CoreLocation.framework in Frameworks */,
				4E8AA8671D6393AA00F2C842 /* libsqlite3.tbd in Frameworks */,
			);
			runOnlyForDeploymentPostprocessing = 0;
		};
/* End PBXFrameworksBuildPhase section */

/* Begin PBXGroup section */
		4E60A4341DB7E9A6002FF083 /* Frameworks */ = {
			isa = PBXGroup;
			children = (
				4E60A4351DB7E9A6002FF083 /* CoreLocation.framework */,
			);
			name = Frameworks;
			sourceTree = "<group>";
		};
		4E75A85F1D54B3FA0032B6B4 /* Utils */ = {
			isa = PBXGroup;
			children = (
				4E8AA8631D6392EB00F2C842 /* SQLiteHelper.h */,
				4E8AA8641D6392EB00F2C842 /* SQLiteHelper.m */,
				4E8AA8601D6392B400F2C842 /* SQLiteObjc.h */,
				4E8AA8611D6392B400F2C842 /* SQLiteObjc.m */,
				4E6912D81D5A2FED00972575 /* SMXMLDocument.h */,
				4E6912D91D5A2FED00972575 /* SMXMLDocument.m */,
				4E6912DA1D5A2FED00972575 /* XMLCarroParser.h */,
				4E6912DB1D5A2FED00972575 /* XMLCarroParser.m */,
				4E75A8601D54B4370032B6B4 /* Alerta.h */,
				4E75A8611D54B4370032B6B4 /* Alerta.m */,
				4E6912E11D5A305200972575 /* DownloadImageView.h */,
				4E6912E21D5A305200972575 /* DownloadImageView.m */,
				4E33050F1D5BA74E00297F5A /* Prefs.h */,
				4E3305101D5BA74E00297F5A /* Prefs.m */,
				4E7D97D71D6DCCF8007EC3B2 /* StringUtils.h */,
				4E7D97D81D6DCCF8007EC3B2 /* StringUtils.m */,
			);
			name = Utils;
			sourceTree = "<group>";
		};
		4E75A8631D54BB4B0032B6B4 /* Domain */ = {
			isa = PBXGroup;
			children = (
				4E6912DE1D5A2FFF00972575 /* CarroService.h */,
				4E6912DF1D5A2FFF00972575 /* CarroService.m */,
				4E7B0D8B1D75C99500181646 /* CoreData */,
			);
			name = Domain;
			sourceTree = "<group>";
		};
		4E7B0D8B1D75C99500181646 /* CoreData */ = {
			isa = PBXGroup;
			children = (
				4E7B0DB21D75CA6100181646 /* CarrosModel.xcdatamodeld */,
				4E7B0DB51D75CB0E00181646 /* Carro+CoreDataProperties.h */,
				4E7B0DB61D75CB0E00181646 /* Carro+CoreDataProperties.m */,
				4E7B0DB71D75CB0E00181646 /* Carro.h */,
				4E7B0DB81D75CB0E00181646 /* Carro.m */,
				4E7B0DBB1D75CB5500181646 /* CarroDBCoreData.h */,
				4E7B0DBC1D75CB5500181646 /* CarroDBCoreData.m */,
			);
			name = CoreData;
			sourceTree = "<group>";
		};
		4EA512D91D53A16100B220EB = {
			isa = PBXGroup;
			children = (
				4E60A43D1DB7ECF1002FF083 /* CoreLocation.framework */,
				4E5A412A1D79B7530097BC2F /* MapKit.framework */,
				4E7B0D891D75C98A00181646 /* CoreData.framework */,
				4E8AA8661D6393AA00F2C842 /* libsqlite3.tbd */,
				4EA512E41D53A16100B220EB /* Carros Objective-C */,
				4EA512E31D53A16100B220EB /* Products */,
				4E60A4341DB7E9A6002FF083 /* Frameworks */,
			);
			sourceTree = "<group>";
		};
		4EA512E31D53A16100B220EB /* Products */ = {
			isa = PBXGroup;
			children = (
				4EA512E21D53A16100B220EB /* Carros Objective-C.app */,
			);
			name = Products;
			sourceTree = "<group>";
		};
		4EA512E41D53A16100B220EB /* Carros Objective-C */ = {
			isa = PBXGroup;
			children = (
				4EA512FE1D53A18000B220EB /* Model */,
				4EA512FD1D53A17900B220EB /* View */,
				4EA512FC1D53A16D00B220EB /* Controller */,
				4EA512E81D53A16100B220EB /* AppDelegate.h */,
				4EA512E91D53A16100B220EB /* AppDelegate.m */,
				4EA512F61D53A16200B220EB /* Info.plist */,
				4EA513261D53A2AE00B220EB /* Resources */,
				4EA512E51D53A16100B220EB /* Supporting Files */,
			);
			path = "Carros Objective-C";
			sourceTree = "<group>";
		};
		4EA512E51D53A16100B220EB /* Supporting Files */ = {
			isa = PBXGroup;
			children = (
				4EA512E61D53A16100B220EB /* main.m */,
			);
			name = "Supporting Files";
			sourceTree = "<group>";
		};
		4EA512FC1D53A16D00B220EB /* Controller */ = {
			isa = PBXGroup;
			children = (
				4E75A88C1D55075E0032B6B4 /* CarroTableViewCell.h */,
				4E75A88D1D55075E0032B6B4 /* CarroTableViewCell.m */,
				4EA513491D53A2EF00B220EB /* SobreViewController.h */,
				4EA5134A1D53A2EF00B220EB /* SobreViewController.m */,
				4EA513231D53A24700B220EB /* ListaCarrosViewController.h */,
				4EA513241D53A24700B220EB /* ListaCarrosViewController.m */,
				4E75A87A1D54D9A20032B6B4 /* DetalhesCarroViewController.h */,
				4E75A87B1D54D9A20032B6B4 /* DetalhesCarroViewController.m */,
				4E5A41251D79B6D30097BC2F /* MapViewController.h */,
				4E5A41261D79B6D30097BC2F /* MapViewController.m */,
				4E03B4741DB6A0DD00255B2B /* GpsMapViewController.h */,
				4E03B4751DB6A0DD00255B2B /* GpsMapViewController.m */,
				4E55CF861DB931970025B9B8 /* VideoViewController.h */,
				4E55CF871DB931970025B9B8 /* VideoViewController.m */,
			);
			name = Controller;
			sourceTree = "<group>";
		};
		4EA512FD1D53A17900B220EB /* View */ = {
			isa = PBXGroup;
			children = (
				4E75A87F1D54D9BD0032B6B4 /* DetalhesCarroViewController.xib */,
				4EA513201D53A21400B220EB /* ListaCarrosViewController.xib */,
				4EA513461D53A2D300B220EB /* SobreViewController.xib */,
				4E75A8891D5507440032B6B4 /* CarroTableViewCell.xib */,
				4E5A41281D79B6ED0097BC2F /* MapViewController.xib */,
				4E55CF891DB931A30025B9B8 /* VideoViewController.xib */,
			);
			name = View;
			sourceTree = "<group>";
		};
		4EA512FE1D53A18000B220EB /* Model */ = {
			isa = PBXGroup;
			children = (
				4E75A8631D54BB4B0032B6B4 /* Domain */,
				4E75A85F1D54B3FA0032B6B4 /* Utils */,
			);
			name = Model;
			sourceTree = "<group>";
		};
		4EA513261D53A2AE00B220EB /* Resources */ = {
			isa = PBXGroup;
			children = (
				4EA513271D53A2AE00B220EB /* Imagens */,
				4EA5132F1D53A2AE00B220EB /* json */,
				4EA513331D53A2AE00B220EB /* xml */,
			);
			path = Resources;
			sourceTree = "<group>";
		};
		4EA513271D53A2AE00B220EB /* Imagens */ = {
			isa = PBXGroup;
			children = (
				4EA513281D53A2AE00B220EB /* ferrari_ff.png */,
				4EA513291D53A2AE00B220EB /* Images.xcassets */,
				4EA5132A1D53A2AE00B220EB /* mclaren.png */,
				4EA5132B1D53A2AE00B220EB /* tab_carros.png */,
				4EA5132C1D53A2AE00B220EB /* tab_carros@2x.png */,
				4EA5132D1D53A2AE00B220EB /* tab_sobre.png */,
				4EA5132E1D53A2AE00B220EB /* tab_sobre@2x.png */,
			);
			path = Imagens;
			sourceTree = "<group>";
		};
		4EA5132F1D53A2AE00B220EB /* json */ = {
			isa = PBXGroup;
			children = (
				4EA513301D53A2AE00B220EB /* carros_classicos.json */,
				4EA513311D53A2AE00B220EB /* carros_esportivos.json */,
				4EA513321D53A2AE00B220EB /* carros_luxo.json */,
			);
			path = json;
			sourceTree = "<group>";
		};
		4EA513331D53A2AE00B220EB /* xml */ = {
			isa = PBXGroup;
			children = (
				4EA513341D53A2AE00B220EB /* carros_classicos.xml */,
				4EA513351D53A2AE00B220EB /* carros_esportivos.xml */,
				4EA513361D53A2AE00B220EB /* carros_luxo.xml */,
			);
			path = xml;
			sourceTree = "<group>";
		};
/* End PBXGroup section */

/* Begin PBXNativeTarget section */
		4EA512E11D53A16100B220EB /* Carros Objective-C */ = {
			isa = PBXNativeTarget;
			buildConfigurationList = 4EA512F91D53A16200B220EB /* Build configuration list for PBXNativeTarget "Carros Objective-C" */;
			buildPhases = (
				4EA512DE1D53A16100B220EB /* Sources */,
				4EA512DF1D53A16100B220EB /* Frameworks */,
				4EA512E01D53A16100B220EB /* Resources */,
			);
			buildRules = (
			);
			dependencies = (
			);
			name = "Carros Objective-C";
			productName = "Carros Objective-C";
			productReference = 4EA512E21D53A16100B220EB /* Carros Objective-C.app */;
			productType = "com.apple.product-type.application";
		};
/* End PBXNativeTarget section */

/* Begin PBXProject section */
		4EA512DA1D53A16100B220EB /* Project object */ = {
			isa = PBXProject;
			attributes = {
				LastUpgradeCheck = 0800;
				ORGANIZATIONNAME = "Antonio Lopes";
				TargetAttributes = {
					4EA512E11D53A16100B220EB = {
						CreatedOnToolsVersion = 7.3.1;
						DevelopmentTeam = 64BZ9T7LV6;
					};
				};
			};
			buildConfigurationList = 4EA512DD1D53A16100B220EB /* Build configuration list for PBXProject "Carros Objective-C" */;
			compatibilityVersion = "Xcode 3.2";
			developmentRegion = English;
			hasScannedForEncodings = 0;
			knownRegions = (
				en,
				Base,
			);
			mainGroup = 4EA512D91D53A16100B220EB;
			productRefGroup = 4EA512E31D53A16100B220EB /* Products */;
			projectDirPath = "";
			projectRoot = "";
			targets = (
				4EA512E11D53A16100B220EB /* Carros Objective-C */,
			);
		};
/* End PBXProject section */

/* Begin PBXResourcesBuildPhase section */
		4EA512E01D53A16100B220EB /* Resources */ = {
			isa = PBXResourcesBuildPhase;
			buildActionMask = 2147483647;
			files = (
				4E75A8801D54D9BD0032B6B4 /* DetalhesCarroViewController.xib in Resources */,
				4EA513401D53A2AE00B220EB /* carros_luxo.json in Resources */,
				4EA513391D53A2AE00B220EB /* mclaren.png in Resources */,
				4EA5133C1D53A2AE00B220EB /* tab_sobre.png in Resources */,
				4EA5133E1D53A2AE00B220EB /* carros_classicos.json in Resources */,
				4E75A88B1D5507440032B6B4 /* CarroTableViewCell.xib in Resources */,
				4EA5133F1D53A2AE00B220EB /* carros_esportivos.json in Resources */,
				4EA513481D53A2D300B220EB /* SobreViewController.xib in Resources */,
				4EA513381D53A2AE00B220EB /* Images.xcassets in Resources */,
				4EA5133B1D53A2AE00B220EB /* tab_carros@2x.png in Resources */,
				4EA513431D53A2AE00B220EB /* carros_luxo.xml in Resources */,
				4EA513221D53A21400B220EB /* ListaCarrosViewController.xib in Resources */,
				4EA513411D53A2AE00B220EB /* carros_classicos.xml in Resources */,
				4E5A41291D79B6ED0097BC2F /* MapViewController.xib in Resources */,
				4EA5133A1D53A2AE00B220EB /* tab_carros.png in Resources */,
				4EA513421D53A2AE00B220EB /* carros_esportivos.xml in Resources */,
				4EA5133D1D53A2AE00B220EB /* tab_sobre@2x.png in Resources */,
				4EA513371D53A2AE00B220EB /* ferrari_ff.png in Resources */,
				4E55CF8A1DB931A30025B9B8 /* VideoViewController.xib in Resources */,
			);
			runOnlyForDeploymentPostprocessing = 0;
		};
/* End PBXResourcesBuildPhase section */

/* Begin PBXSourcesBuildPhase section */
		4EA512DE1D53A16100B220EB /* Sources */ = {
			isa = PBXSourcesBuildPhase;
			buildActionMask = 2147483647;
			files = (
				4E6912E01D5A2FFF00972575 /* CarroService.m in Sources */,
				4E7B0DB91D75CB0E00181646 /* Carro+CoreDataProperties.m in Sources */,
				4E55CF881DB931970025B9B8 /* VideoViewController.m in Sources */,
				4E6912DD1D5A2FED00972575 /* XMLCarroParser.m in Sources */,
				4E8AA8651D6392EB00F2C842 /* SQLiteHelper.m in Sources */,
				4E75A88E1D55075E0032B6B4 /* CarroTableViewCell.m in Sources */,
				4E7D97D91D6DCCF8007EC3B2 /* StringUtils.m in Sources */,
				4E8AA8621D6392B400F2C842 /* SQLiteObjc.m in Sources */,
				4E5A41271D79B6D30097BC2F /* MapViewController.m in Sources */,
				4E75A87D1D54D9A20032B6B4 /* DetalhesCarroViewController.m in Sources */,
				4EA512EA1D53A16100B220EB /* AppDelegate.m in Sources */,
				4E7B0DBA1D75CB0E00181646 /* Carro.m in Sources */,
				4EA513251D53A24700B220EB /* ListaCarrosViewController.m in Sources */,
				4EA5134B1D53A2EF00B220EB /* SobreViewController.m in Sources */,
				4E6912E31D5A305200972575 /* DownloadImageView.m in Sources */,
				4E7B0DB41D75CA6100181646 /* CarrosModel.xcdatamodeld in Sources */,
				4E3305111D5BA74E00297F5A /* Prefs.m in Sources */,
				4E75A8621D54B4370032B6B4 /* Alerta.m in Sources */,
				4E6912DC1D5A2FED00972575 /* SMXMLDocument.m in Sources */,
				4E03B4761DB6A0DD00255B2B /* GpsMapViewController.m in Sources */,
				4E7B0DBD1D75CB5500181646 /* CarroDBCoreData.m in Sources */,
				4EA512E71D53A16100B220EB /* main.m in Sources */,
			);
			runOnlyForDeploymentPostprocessing = 0;
		};
/* End PBXSourcesBuildPhase section */

/* Begin XCBuildConfiguration section */
		4EA512F71D53A16200B220EB /* Debug */ = {
			isa = XCBuildConfiguration;
			buildSettings = {
				ALWAYS_SEARCH_USER_PATHS = NO;
				CLANG_ANALYZER_NONNULL = YES;
				CLANG_CXX_LANGUAGE_STANDARD = "gnu++0x";
				CLANG_CXX_LIBRARY = "libc++";
				CLANG_ENABLE_MODULES = YES;
				CLANG_ENABLE_OBJC_ARC = YES;
				CLANG_WARN_BOOL_CONVERSION = YES;
				CLANG_WARN_CONSTANT_CONVERSION = YES;
				CLANG_WARN_DIRECT_OBJC_ISA_USAGE = YES_ERROR;
				CLANG_WARN_EMPTY_BODY = YES;
				CLANG_WARN_ENUM_CONVERSION = YES;
				CLANG_WARN_INFINITE_RECURSION = YES;
				CLANG_WARN_INT_CONVERSION = YES;
				CLANG_WARN_OBJC_ROOT_CLASS = YES_ERROR;
				CLANG_WARN_SUSPICIOUS_MOVE = YES;
				CLANG_WARN_UNREACHABLE_CODE = YES;
				CLANG_WARN__DUPLICATE_METHOD_MATCH = YES;
				"CODE_SIGN_IDENTITY[sdk=iphoneos*]" = "iPhone Developer";
				COPY_PHASE_STRIP = NO;
				DEBUG_INFORMATION_FORMAT = dwarf;
				ENABLE_STRICT_OBJC_MSGSEND = YES;
				ENABLE_TESTABILITY = YES;
				GCC_C_LANGUAGE_STANDARD = gnu99;
				GCC_DYNAMIC_NO_PIC = NO;
				GCC_NO_COMMON_BLOCKS = YES;
				GCC_OPTIMIZATION_LEVEL = 0;
				GCC_PREPROCESSOR_DEFINITIONS = (
					"DEBUG=1",
					"$(inherited)",
				);
				GCC_WARN_64_TO_32_BIT_CONVERSION = YES;
				GCC_WARN_ABOUT_RETURN_TYPE = YES_ERROR;
				GCC_WARN_UNDECLARED_SELECTOR = YES;
				GCC_WARN_UNINITIALIZED_AUTOS = YES_AGGRESSIVE;
				GCC_WARN_UNUSED_FUNCTION = YES;
				GCC_WARN_UNUSED_VARIABLE = YES;
				IPHONEOS_DEPLOYMENT_TARGET = 9.3;
				MTL_ENABLE_DEBUG_INFO = YES;
				ONLY_ACTIVE_ARCH = YES;
				SDKROOT = iphoneos;
				TARGETED_DEVICE_FAMILY = "1,2";
			};
			name = Debug;
		};
		4EA512F81D53A16200B220EB /* Release */ = {
			isa = XCBuildConfiguration;
			buildSettings = {
				ALWAYS_SEARCH_USER_PATHS = NO;
				CLANG_ANALYZER_NONNULL = YES;
				CLANG_CXX_LANGUAGE_STANDARD = "gnu++0x";
				CLANG_CXX_LIBRARY = "libc++";
				CLANG_ENABLE_MODULES = YES;
				CLANG_ENABLE_OBJC_ARC = YES;
				CLANG_WARN_BOOL_CONVERSION = YES;
				CLANG_WARN_CONSTANT_CONVERSION = YES;
				CLANG_WARN_DIRECT_OBJC_ISA_USAGE = YES_ERROR;
				CLANG_WARN_EMPTY_BODY = YES;
				CLANG_WARN_ENUM_CONVERSION = YES;
				CLANG_WARN_INFINITE_RECURSION = YES;
				CLANG_WARN_INT_CONVERSION = YES;
				CLANG_WARN_OBJC_ROOT_CLASS = YES_ERROR;
				CLANG_WARN_SUSPICIOUS_MOVE = YES;
				CLANG_WARN_UNREACHABLE_CODE = YES;
				CLANG_WARN__DUPLICATE_METHOD_MATCH = YES;
				"CODE_SIGN_IDENTITY[sdk=iphoneos*]" = "iPhone Developer";
				COPY_PHASE_STRIP = NO;
				DEBUG_INFORMATION_FORMAT = "dwarf-with-dsym";
				ENABLE_NS_ASSERTIONS = NO;
				ENABLE_STRICT_OBJC_MSGSEND = YES;
				GCC_C_LANGUAGE_STANDARD = gnu99;
				GCC_NO_COMMON_BLOCKS = YES;
				GCC_WARN_64_TO_32_BIT_CONVERSION = YES;
				GCC_WARN_ABOUT_RETURN_TYPE = YES_ERROR;
				GCC_WARN_UNDECLARED_SELECTOR = YES;
				GCC_WARN_UNINITIALIZED_AUTOS = YES_AGGRESSIVE;
				GCC_WARN_UNUSED_FUNCTION = YES;
				GCC_WARN_UNUSED_VARIABLE = YES;
				IPHONEOS_DEPLOYMENT_TARGET = 9.3;
				MTL_ENABLE_DEBUG_INFO = NO;
				SDKROOT = iphoneos;
				TARGETED_DEVICE_FAMILY = "1,2";
				VALIDATE_PRODUCT = YES;
			};
			name = Release;
		};
		4EA512FA1D53A16200B220EB /* Debug */ = {
			isa = XCBuildConfiguration;
			buildSettings = {
				ASSETCATALOG_COMPILER_APPICON_NAME = AppIcon;
				DEVELOPMENT_TEAM = 64BZ9T7LV6;
				INFOPLIST_FILE = "Carros Objective-C/Info.plist";
				LD_RUNPATH_SEARCH_PATHS = "$(inherited) @executable_path/Frameworks";
				PRODUCT_BUNDLE_IDENTIFIER = "br.livro.Carros-Objective-C";
				PRODUCT_NAME = "$(TARGET_NAME)";
			};
			name = Debug;
		};
		4EA512FB1D53A16200B220EB /* Release */ = {
			isa = XCBuildConfiguration;
			buildSettings = {
				ASSETCATALOG_COMPILER_APPICON_NAME = AppIcon;
				DEVELOPMENT_TEAM = 64BZ9T7LV6;
				INFOPLIST_FILE = "Carros Objective-C/Info.plist";
				LD_RUNPATH_SEARCH_PATHS = "$(inherited) @executable_path/Frameworks";
				PRODUCT_BUNDLE_IDENTIFIER = "br.livro.Carros-Objective-C";
				PRODUCT_NAME = "$(TARGET_NAME)";
			};
			name = Release;
		};
/* End XCBuildConfiguration section */

/* Begin XCConfigurationList section */
		4EA512DD1D53A16100B220EB /* Build configuration list for PBXProject "Carros Objective-C" */ = {
			isa = XCConfigurationList;
			buildConfigurations = (
				4EA512F71D53A16200B220EB /* Debug */,
				4EA512F81D53A16200B220EB /* Release */,
			);
			defaultConfigurationIsVisible = 0;
			defaultConfigurationName = Release;
		};
		4EA512F91D53A16200B220EB /* Build configuration list for PBXNativeTarget "Carros Objective-C" */ = {
			isa = XCConfigurationList;
			buildConfigurations = (
				4EA512FA1D53A16200B220EB /* Debug */,
				4EA512FB1D53A16200B220EB /* Release */,
			);
			defaultConfigurationIsVisible = 0;
			defaultConfigurationName = Release;
		};
/* End XCConfigurationList section */

/* Begin XCVersionGroup section */
		4E7B0DB21D75CA6100181646 /* CarrosModel.xcdatamodeld */ = {
			isa = XCVersionGroup;
			children = (
				4E7B0DB31D75CA6100181646 /* CarrosModel.xcdatamodel */,
			);
			currentVersion = 4E7B0DB31D75CA6100181646 /* CarrosModel.xcdatamodel */;
			path = CarrosModel.xcdatamodeld;
			sourceTree = "<group>";
			versionGroupType = wrapper.xcdatamodel;
		};
/* End XCVersionGroup section */
	};
	rootObject = 4EA512DA1D53A16100B220EB /* Project object */;
}
