// !$*UTF8*$!
{
	archiveVersion = 1;
	classes = {
	};
	objectVersion = 46;
	objects = {

/* Begin PBXBuildFile section */
		4EA512E71D53A16100B220EB /* main.m in Sources */ = {isa = PBXBuildFile; fileRef = 4EA512E61D53A16100B220EB /* main.m */; };
		4EA512EA1D53A16100B220EB /* AppDelegate.m in Sources */ = {isa = PBXBuildFile; fileRef = 4EA512E91D53A16100B220EB /* AppDelegate.m */; };
		4EA513221D53A21400B220EB /* ListaCarrosViewController.xib in Resources */ = {isa = PBXBuildFile; fileRef = 4EA513201D53A21400B220EB /* ListaCarrosViewController.xib */; };
		4EA513251D53A24700B220EB /* ListaCarrosViewController.m in Sources */ = {isa = PBXBuildFile; fileRef = 4EA513241D53A24700B220EB /* ListaCarrosViewController.m */; };
		4EA513371D53A2AE00B220EB /* ferrari_ff.png in Resources */ = {isa = PBXBuildFile; fileRef = 4EA513281D53A2AE00B220EB /* ferrari_ff.png */; };
		4EA513381D53A2AE00B220EB /* Images.xcassets in Resources */ = {isa = PBXBuildFile; fileRef = 4EA513291D53A2AE00B220EB /* Images.xcassets */; };
		4EA513391D53A2AE00B220EB /* mclaren.png in Resources */ = {isa = PBXBuildFile; fileRef = 4EA5132A1D53A2AE00B220EB /* mclaren.png */; };
		4EA5133A1D53A2AE00B220EB /* tab_carros.png in Resources */ = {isa = PBXBuildFile; fileRef = 4EA5132B1D53A2AE00B220EB /* tab_carros.png */; };
		4EA5133B1D53A2AE00B220EB /* tab_carros@2x.png in Resources */ = {isa = PBXBuildFile; fileRef = 4EA5132C1D53A2AE00B220EB /* tab_carros@2x.png */; };
		4EA5133C1D53A2AE00B220EB /* tab_sobre.png in Resources */ = {isa = PBXBuildFile; fileRef = 4EA5132D1D53A2AE00B220EB /* tab_sobre.png */; };
		4EA5133D1D53A2AE00B220EB /* tab_sobre@2x.png in Resources */ = {isa = PBXBuildFile; fileRef = 4EA5132E1D53A2AE00B220EB /* tab_sobre@2x.png */; };
		4EA5133E1D53A2AE00B220EB /* carros_classicos.json in Resources */ = {isa = PBXBuildFile; fileRef = 4EA513301D53A2AE00B220EB /* carros_classicos.json */; };
		4EA5133F1D53A2AE00B220EB /* carros_esportivos.json in Resources */ = {isa = PBXBuildFile; fileRef = 4EA513311D53A2AE00B220EB /* carros_esportivos.json */; };
		4EA513401D53A2AE00B220EB /* carros_luxo.json in Resources */ = {isa = PBXBuildFile; fileRef = 4EA513321D53A2AE00B220EB /* carros_luxo.json */; };
		4EA513411D53A2AE00B220EB /* carros_classicos.xml in Resources */ = {isa = PBXBuildFile; fileRef = 4EA513341D53A2AE00B220EB /* carros_classicos.xml */; };
		4EA513421D53A2AE00B220EB /* carros_esportivos.xml in Resources */ = {isa = PBXBuildFile; fileRef = 4EA513351D53A2AE00B220EB /* carros_esportivos.xml */; };
		4EA513431D53A2AE00B220EB /* carros_luxo.xml in Resources */ = {isa = PBXBuildFile; fileRef = 4EA513361D53A2AE00B220EB /* carros_luxo.xml */; };
		4EA513481D53A2D300B220EB /* SobreViewController.xib in Resources */ = {isa = PBXBuildFile; fileRef = 4EA513461D53A2D300B220EB /* SobreViewController.xib */; };
		4EA5134B1D53A2EF00B220EB /* SobreViewController.m in Sources */ = {isa = PBXBuildFile; fileRef = 4EA5134A1D53A2EF00B220EB /* SobreViewController.m */; };
/* End PBXBuildFile section */

/* Begin PBXFileReference section */
		4EA512E21D53A16100B220EB /* Carros Objective-C.app */ = {isa = PBXFileReference; explicitFileType = wrapper.application; includeInIndex = 0; path = "Carros Objective-C.app"; sourceTree = BUILT_PRODUCTS_DIR; };
		4EA512E61D53A16100B220EB /* main.m */ = {isa = PBXFileReference; lastKnownFileType = sourcecode.c.objc; path = main.m; sourceTree = "<group>"; };
		4EA512E81D53A16100B220EB /* AppDelegate.h */ = {isa = PBXFileReference; lastKnownFileType = sourcecode.c.h; path = AppDelegate.h; sourceTree = "<group>"; };
		4EA512E91D53A16100B220EB /* AppDelegate.m */ = {isa = PBXFileReference; lastKnownFileType = sourcecode.c.objc; path = AppDelegate.m; sourceTree = "<group>"; };
		4EA512F61D53A16200B220EB /* Info.plist */ = {isa = PBXFileReference; lastKnownFileType = text.plist.xml; path = Info.plist; sourceTree = "<group>"; };
		4EA513201D53A21400B220EB /* ListaCarrosViewController.xib */ = {isa = PBXFileReference; fileEncoding = 4; lastKnownFileType = file.xib; name = ListaCarrosViewController.xib; path = View/ListaCarrosViewController.xib; sourceTree = "<group>"; };
		4EA513231D53A24700B220EB /* ListaCarrosViewController.h */ = {isa = PBXFileReference; fileEncoding = 4; lastKnownFileType = sourcecode.c.h; name = ListaCarrosViewController.h; path = Controller/ListaCarrosViewController.h; sourceTree = "<group>"; };
		4EA513241D53A24700B220EB /* ListaCarrosViewController.m */ = {isa = PBXFileReference; fileEncoding = 4; lastKnownFileType = sourcecode.c.objc; name = ListaCarrosViewController.m; path = Controller/ListaCarrosViewController.m; sourceTree = "<group>"; };
		4EA513281D53A2AE00B220EB /* ferrari_ff.png */ = {isa = PBXFileReference; lastKnownFileType = image.png; path = ferrari_ff.png; sourceTree = "<group>"; };
		4EA513291D53A2AE00B220EB /* Images.xcassets */ = {isa = PBXFileReference; lastKnownFileType = folder.assetcatalog; path = Images.xcassets; sourceTree = "<group>"; };
		4EA5132A1D53A2AE00B220EB /* mclaren.png */ = {isa = PBXFileReference; lastKnownFileType = image.png; path = mclaren.png; sourceTree = "<group>"; };
		4EA5132B1D53A2AE00B220EB /* tab_carros.png */ = {isa = PBXFileReference; lastKnownFileType = image.png; path = tab_carros.png; sourceTree = "<group>"; };
		4EA5132C1D53A2AE00B220EB /* tab_carros@2x.png */ = {isa = PBXFileReference; lastKnownFileType = image.png; path = "tab_carros@2x.png"; sourceTree = "<group>"; };
		4EA5132D1D53A2AE00B220EB /* tab_sobre.png */ = {isa = PBXFileReference; lastKnownFileType = image.png; path = tab_sobre.png; sourceTree = "<group>"; };
		4EA5132E1D53A2AE00B220EB /* tab_sobre@2x.png */ = {isa = PBXFileReference; lastKnownFileType = image.png; path = "tab_sobre@2x.png"; sourceTree = "<group>"; };
		4EA513301D53A2AE00B220EB /* carros_classicos.json */ = {isa = PBXFileReference; fileEncoding = 4; lastKnownFileType = text.json; path = carros_classicos.json; sourceTree = "<group>"; };
		4EA513311D53A2AE00B220EB /* carros_esportivos.json */ = {isa = PBXFileReference; fileEncoding = 4; lastKnownFileType = text.json; path = carros_esportivos.json; sourceTree = "<group>"; };
		4EA513321D53A2AE00B220EB /* carros_luxo.json */ = {isa = PBXFileReference; fileEncoding = 4; lastKnownFileType = text.json; path = carros_luxo.json; sourceTree = "<group>"; };
		4EA513341D53A2AE00B220EB /* carros_classicos.xml */ = {isa = PBXFileReference; fileEncoding = 4; lastKnownFileType = text.xml; path = carros_classicos.xml; sourceTree = "<group>"; };
		4EA513351D53A2AE00B220EB /* carros_esportivos.xml */ = {isa = PBXFileReference; fileEncoding = 4; lastKnownFileType = text.xml; path = carros_esportivos.xml; sourceTree = "<group>"; };
		4EA513361D53A2AE00B220EB /* carros_luxo.xml */ = {isa = PBXFileReference; fileEncoding = 4; lastKnownFileType = text.xml; path = carros_luxo.xml; sourceTree = "<group>"; };
		4EA513461D53A2D300B220EB /* SobreViewController.xib */ = {isa = PBXFileReference; fileEncoding = 4; lastKnownFileType = file.xib; name = SobreViewController.xib; path = View/SobreViewController.xib; sourceTree = "<group>"; };
		4EA513491D53A2EF00B220EB /* SobreViewController.h */ = {isa = PBXFileReference; fileEncoding = 4; lastKnownFileType = sourcecode.c.h; name = SobreViewController.h; path = Controller/SobreViewController.h; sourceTree = "<group>"; };
		4EA5134A1D53A2EF00B220EB /* SobreViewController.m */ = {isa = PBXFileReference; fileEncoding = 4; lastKnownFileType = sourcecode.c.objc; name = SobreViewController.m; path = Controller/SobreViewController.m; sourceTree = "<group>"; };
/* End PBXFileReference section */

/* Begin PBXFrameworksBuildPhase section */
		4EA512DF1D53A16100B220EB /* Frameworks */ = {
			isa = PBXFrameworksBuildPhase;
			buildActionMask = 2147483647;
			files = (
			);
			runOnlyForDeploymentPostprocessing = 0;
		};
/* End PBXFrameworksBuildPhase section */

/* Begin PBXGroup section */
		4EA512D91D53A16100B220EB = {
			isa = PBXGroup;
			children = (
				4EA512E41D53A16100B220EB /* Carros Objective-C */,
				4EA512E31D53A16100B220EB /* Products */,
			);
			sourceTree = "<group>";
		};
		4EA512E31D53A16100B220EB /* Products */ = {
			isa = PBXGroup;
			children = (
				4EA512E21D53A16100B220EB /* Carros Objective-C.app */,
			);
			name = Products;
			sourceTree = "<group>";
		};
		4EA512E41D53A16100B220EB /* Carros Objective-C */ = {
			isa = PBXGroup;
			children = (
				4EA512FE1D53A18000B220EB /* Model */,
				4EA512FD1D53A17900B220EB /* View */,
				4EA512FC1D53A16D00B220EB /* Controller */,
				4EA512E81D53A16100B220EB /* AppDelegate.h */,
				4EA512E91D53A16100B220EB /* AppDelegate.m */,
				4EA512F61D53A16200B220EB /* Info.plist */,
				4EA513261D53A2AE00B220EB /* Resources */,
				4EA512E51D53A16100B220EB /* Supporting Files */,
			);
			path = "Carros Objective-C";
			sourceTree = "<group>";
		};
		4EA512E51D53A16100B220EB /* Supporting Files */ = {
			isa = PBXGroup;
			children = (
				4EA512E61D53A16100B220EB /* main.m */,
			);
			name = "Supporting Files";
			sourceTree = "<group>";
		};
		4EA512FC1D53A16D00B220EB /* Controller */ = {
			isa = PBXGroup;
			children = (
				4EA513491D53A2EF00B220EB /* SobreViewController.h */,
				4EA5134A1D53A2EF00B220EB /* SobreViewController.m */,
				4EA513231D53A24700B220EB /* ListaCarrosViewController.h */,
				4EA513241D53A24700B220EB /* ListaCarrosViewController.m */,
			);
			name = Controller;
			sourceTree = "<group>";
		};
		4EA512FD1D53A17900B220EB /* View */ = {
			isa = PBXGroup;
			children = (
				4EA513201D53A21400B220EB /* ListaCarrosViewController.xib */,
				4EA513461D53A2D300B220EB /* SobreViewController.xib */,
			);
			name = View;
			sourceTree = "<group>";
		};
		4EA512FE1D53A18000B220EB /* Model */ = {
			isa = PBXGroup;
			children = (
			);
			name = Model;
			sourceTree = "<group>";
		};
		4EA513261D53A2AE00B220EB /* Resources */ = {
			isa = PBXGroup;
			children = (
				4EA513271D53A2AE00B220EB /* Imagens */,
				4EA5132F1D53A2AE00B220EB /* json */,
				4EA513331D53A2AE00B220EB /* xml */,
			);
			path = Resources;
			sourceTree = "<group>";
		};
		4EA513271D53A2AE00B220EB /* Imagens */ = {
			isa = PBXGroup;
			children = (
				4EA513281D53A2AE00B220EB /* ferrari_ff.png */,
				4EA513291D53A2AE00B220EB /* Images.xcassets */,
				4EA5132A1D53A2AE00B220EB /* mclaren.png */,
				4EA5132B1D53A2AE00B220EB /* tab_carros.png */,
				4EA5132C1D53A2AE00B220EB /* tab_carros@2x.png */,
				4EA5132D1D53A2AE00B220EB /* tab_sobre.png */,
				4EA5132E1D53A2AE00B220EB /* tab_sobre@2x.png */,
			);
			path = Imagens;
			sourceTree = "<group>";
		};
		4EA5132F1D53A2AE00B220EB /* json */ = {
			isa = PBXGroup;
			children = (
				4EA513301D53A2AE00B220EB /* carros_classicos.json */,
				4EA513311D53A2AE00B220EB /* carros_esportivos.json */,
				4EA513321D53A2AE00B220EB /* carros_luxo.json */,
			);
			path = json;
			sourceTree = "<group>";
		};
		4EA513331D53A2AE00B220EB /* xml */ = {
			isa = PBXGroup;
			children = (
				4EA513341D53A2AE00B220EB /* carros_classicos.xml */,
				4EA513351D53A2AE00B220EB /* carros_esportivos.xml */,
				4EA513361D53A2AE00B220EB /* carros_luxo.xml */,
			);
			path = xml;
			sourceTree = "<group>";
		};
/* End PBXGroup section */

/* Begin PBXNativeTarget section */
		4EA512E11D53A16100B220EB /* Carros Objective-C */ = {
			isa = PBXNativeTarget;
			buildConfigurationList = 4EA512F91D53A16200B220EB /* Build configuration list for PBXNativeTarget "Carros Objective-C" */;
			buildPhases = (
				4EA512DE1D53A16100B220EB /* Sources */,
				4EA512DF1D53A16100B220EB /* Frameworks */,
				4EA512E01D53A16100B220EB /* Resources */,
			);
			buildRules = (
			);
			dependencies = (
			);
			name = "Carros Objective-C";
			productName = "Carros Objective-C";
			productReference = 4EA512E21D53A16100B220EB /* Carros Objective-C.app */;
			productType = "com.apple.product-type.application";
		};
/* End PBXNativeTarget section */

/* Begin PBXProject section */
		4EA512DA1D53A16100B220EB /* Project object */ = {
			isa = PBXProject;
			attributes = {
				LastUpgradeCheck = 0730;
				ORGANIZATIONNAME = "Antonio Lopes";
				TargetAttributes = {
					4EA512E11D53A16100B220EB = {
						CreatedOnToolsVersion = 7.3.1;
					};
				};
			};
			buildConfigurationList = 4EA512DD1D53A16100B220EB /* Build configuration list for PBXProject "Carros Objective-C" */;
			compatibilityVersion = "Xcode 3.2";
			developmentRegion = English;
			hasScannedForEncodings = 0;
			knownRegions = (
				en,
				Base,
			);
			mainGroup = 4EA512D91D53A16100B220EB;
			productRefGroup = 4EA512E31D53A16100B220EB /* Products */;
			projectDirPath = "";
			projectRoot = "";
			targets = (
				4EA512E11D53A16100B220EB /* Carros Objective-C */,
			);
		};
/* End PBXProject section */

/* Begin PBXResourcesBuildPhase section */
		4EA512E01D53A16100B220EB /* Resources */ = {
			isa = PBXResourcesBuildPhase;
			buildActionMask = 2147483647;
			files = (
				4EA513401D53A2AE00B220EB /* carros_luxo.json in Resources */,
				4EA513391D53A2AE00B220EB /* mclaren.png in Resources */,
				4EA5133C1D53A2AE00B220EB /* tab_sobre.png in Resources */,
				4EA5133E1D53A2AE00B220EB /* carros_classicos.json in Resources */,
				4EA5133F1D53A2AE00B220EB /* carros_esportivos.json in Resources */,
				4EA513481D53A2D300B220EB /* SobreViewController.xib in Resources */,
				4EA513381D53A2AE00B220EB /* Images.xcassets in Resources */,
				4EA5133B1D53A2AE00B220EB /* tab_carros@2x.png in Resources */,
				4EA513431D53A2AE00B220EB /* carros_luxo.xml in Resources */,
				4EA513221D53A21400B220EB /* ListaCarrosViewController.xib in Resources */,
				4EA513411D53A2AE00B220EB /* carros_classicos.xml in Resources */,
				4EA5133A1D53A2AE00B220EB /* tab_carros.png in Resources */,
				4EA513421D53A2AE00B220EB /* carros_esportivos.xml in Resources */,
				4EA5133D1D53A2AE00B220EB /* tab_sobre@2x.png in Resources */,
				4EA513371D53A2AE00B220EB /* ferrari_ff.png in Resources */,
			);
			runOnlyForDeploymentPostprocessing = 0;
		};
/* End PBXResourcesBuildPhase section */

/* Begin PBXSourcesBuildPhase section */
		4EA512DE1D53A16100B220EB /* Sources */ = {
			isa = PBXSourcesBuildPhase;
			buildActionMask = 2147483647;
			files = (
				4EA512EA1D53A16100B220EB /* AppDelegate.m in Sources */,
				4EA513251D53A24700B220EB /* ListaCarrosViewController.m in Sources */,
				4EA5134B1D53A2EF00B220EB /* SobreViewController.m in Sources */,
				4EA512E71D53A16100B220EB /* main.m in Sources */,
			);
			runOnlyForDeploymentPostprocessing = 0;
		};
/* End PBXSourcesBuildPhase section */

/* Begin XCBuildConfiguration section */
		4EA512F71D53A16200B220EB /* Debug */ = {
			isa = XCBuildConfiguration;
			buildSettings = {
				ALWAYS_SEARCH_USER_PATHS = NO;
				CLANG_ANALYZER_NONNULL = YES;
				CLANG_CXX_LANGUAGE_STANDARD = "gnu++0x";
				CLANG_CXX_LIBRARY = "libc++";
				CLANG_ENABLE_MODULES = YES;
				CLANG_ENABLE_OBJC_ARC = YES;
				CLANG_WARN_BOOL_CONVERSION = YES;
				CLANG_WARN_CONSTANT_CONVERSION = YES;
				CLANG_WARN_DIRECT_OBJC_ISA_USAGE = YES_ERROR;
				CLANG_WARN_EMPTY_BODY = YES;
				CLANG_WARN_ENUM_CONVERSION = YES;
				CLANG_WARN_INT_CONVERSION = YES;
				CLANG_WARN_OBJC_ROOT_CLASS = YES_ERROR;
				CLANG_WARN_UNREACHABLE_CODE = YES;
				CLANG_WARN__DUPLICATE_METHOD_MATCH = YES;
				"CODE_SIGN_IDENTITY[sdk=iphoneos*]" = "iPhone Developer";
				COPY_PHASE_STRIP = NO;
				DEBUG_INFORMATION_FORMAT = dwarf;
				ENABLE_STRICT_OBJC_MSGSEND = YES;
				ENABLE_TESTABILITY = YES;
				GCC_C_LANGUAGE_STANDARD = gnu99;
				GCC_DYNAMIC_NO_PIC = NO;
				GCC_NO_COMMON_BLOCKS = YES;
				GCC_OPTIMIZATION_LEVEL = 0;
				GCC_PREPROCESSOR_DEFINITIONS = (
					"DEBUG=1",
					"$(inherited)",
				);
				GCC_WARN_64_TO_32_BIT_CONVERSION = YES;
				GCC_WARN_ABOUT_RETURN_TYPE = YES_ERROR;
				GCC_WARN_UNDECLARED_SELECTOR = YES;
				GCC_WARN_UNINITIALIZED_AUTOS = YES_AGGRESSIVE;
				GCC_WARN_UNUSED_FUNCTION = YES;
				GCC_WARN_UNUSED_VARIABLE = YES;
				IPHONEOS_DEPLOYMENT_TARGET = 9.3;
				MTL_ENABLE_DEBUG_INFO = YES;
				ONLY_ACTIVE_ARCH = YES;
				SDKROOT = iphoneos;
				TARGETED_DEVICE_FAMILY = "1,2";
			};
			name = Debug;
		};
		4EA512F81D53A16200B220EB /* Release */ = {
			isa = XCBuildConfiguration;
			buildSettings = {
				ALWAYS_SEARCH_USER_PATHS = NO;
				CLANG_ANALYZER_NONNULL = YES;
				CLANG_CXX_LANGUAGE_STANDARD = "gnu++0x";
				CLANG_CXX_LIBRARY = "libc++";
				CLANG_ENABLE_MODULES = YES;
				CLANG_ENABLE_OBJC_ARC = YES;
				CLANG_WARN_BOOL_CONVERSION = YES;
				CLANG_WARN_CONSTANT_CONVERSION = YES;
				CLANG_WARN_DIRECT_OBJC_ISA_USAGE = YES_ERROR;
				CLANG_WARN_EMPTY_BODY = YES;
				CLANG_WARN_ENUM_CONVERSION = YES;
				CLANG_WARN_INT_CONVERSION = YES;
				CLANG_WARN_OBJC_ROOT_CLASS = YES_ERROR;
				CLANG_WARN_UNREACHABLE_CODE = YES;
				CLANG_WARN__DUPLICATE_METHOD_MATCH = YES;
				"CODE_SIGN_IDENTITY[sdk=iphoneos*]" = "iPhone Developer";
				COPY_PHASE_STRIP = NO;
				DEBUG_INFORMATION_FORMAT = "dwarf-with-dsym";
				ENABLE_NS_ASSERTIONS = NO;
				ENABLE_STRICT_OBJC_MSGSEND = YES;
				GCC_C_LANGUAGE_STANDARD = gnu99;
				GCC_NO_COMMON_BLOCKS = YES;
				GCC_WARN_64_TO_32_BIT_CONVERSION = YES;
				GCC_WARN_ABOUT_RETURN_TYPE = YES_ERROR;
				GCC_WARN_UNDECLARED_SELECTOR = YES;
				GCC_WARN_UNINITIALIZED_AUTOS = YES_AGGRESSIVE;
				GCC_WARN_UNUSED_FUNCTION = YES;
				GCC_WARN_UNUSED_VARIABLE = YES;
				IPHONEOS_DEPLOYMENT_TARGET = 9.3;
				MTL_ENABLE_DEBUG_INFO = NO;
				SDKROOT = iphoneos;
				TARGETED_DEVICE_FAMILY = "1,2";
				VALIDATE_PRODUCT = YES;
			};
			name = Release;
		};
		4EA512FA1D53A16200B220EB /* Debug */ = {
			isa = XCBuildConfiguration;
			buildSettings = {
				ASSETCATALOG_COMPILER_APPICON_NAME = AppIcon;
				INFOPLIST_FILE = "Carros Objective-C/Info.plist";
				LD_RUNPATH_SEARCH_PATHS = "$(inherited) @executable_path/Frameworks";
				PRODUCT_BUNDLE_IDENTIFIER = "br.livro.Carros-Objective-C";
				PRODUCT_NAME = "$(TARGET_NAME)";
			};
			name = Debug;
		};
		4EA512FB1D53A16200B220EB /* Release */ = {
			isa = XCBuildConfiguration;
			buildSettings = {
				ASSETCATALOG_COMPILER_APPICON_NAME = AppIcon;
				INFOPLIST_FILE = "Carros Objective-C/Info.plist";
				LD_RUNPATH_SEARCH_PATHS = "$(inherited) @executable_path/Frameworks";
				PRODUCT_BUNDLE_IDENTIFIER = "br.livro.Carros-Objective-C";
				PRODUCT_NAME = "$(TARGET_NAME)";
			};
			name = Release;
		};
/* End XCBuildConfiguration section */

/* Begin XCConfigurationList section */
		4EA512DD1D53A16100B220EB /* Build configuration list for PBXProject "Carros Objective-C" */ = {
			isa = XCConfigurationList;
			buildConfigurations = (
				4EA512F71D53A16200B220EB /* Debug */,
				4EA512F81D53A16200B220EB /* Release */,
			);
			defaultConfigurationIsVisible = 0;
			defaultConfigurationName = Release;
		};
		4EA512F91D53A16200B220EB /* Build configuration list for PBXNativeTarget "Carros Objective-C" */ = {
			isa = XCConfigurationList;
			buildConfigurations = (
				4EA512FA1D53A16200B220EB /* Debug */,
				4EA512FB1D53A16200B220EB /* Release */,
			);
			defaultConfigurationIsVisible = 0;
		};
/* End XCConfigurationList section */
	};
	rootObject = 4EA512DA1D53A16100B220EB /* Project object */;
}
