// !$*UTF8*$!
{
	archiveVersion = 1;
	classes = {
	};
	objectVersion = 46;
	objects = {

/* Begin PBXBuildFile section */
		4EA5129A1D539BA700B220EB /* AppDelegate.swift in Sources */ = {isa = PBXBuildFile; fileRef = 4EA512991D539BA700B220EB /* AppDelegate.swift */; };
		4EA512A41D539BA700B220EB /* LaunchScreen.storyboard in Resources */ = {isa = PBXBuildFile; fileRef = 4EA512A21D539BA700B220EB /* LaunchScreen.storyboard */; };
		4EA512C01D539C2300B220EB /* ferrari_ff.png in Resources */ = {isa = PBXBuildFile; fileRef = 4EA512B11D539C2300B220EB /* ferrari_ff.png */; };
		4EA512C11D539C2300B220EB /* Images.xcassets in Resources */ = {isa = PBXBuildFile; fileRef = 4EA512B21D539C2300B220EB /* Images.xcassets */; };
		4EA512C21D539C2300B220EB /* mclaren.png in Resources */ = {isa = PBXBuildFile; fileRef = 4EA512B31D539C2300B220EB /* mclaren.png */; };
		4EA512C31D539C2300B220EB /* tab_carros.png in Resources */ = {isa = PBXBuildFile; fileRef = 4EA512B41D539C2300B220EB /* tab_carros.png */; };
		4EA512C41D539C2300B220EB /* tab_carros@2x.png in Resources */ = {isa = PBXBuildFile; fileRef = 4EA512B51D539C2300B220EB /* tab_carros@2x.png */; };
		4EA512C51D539C2300B220EB /* tab_sobre.png in Resources */ = {isa = PBXBuildFile; fileRef = 4EA512B61D539C2300B220EB /* tab_sobre.png */; };
		4EA512C61D539C2300B220EB /* tab_sobre@2x.png in Resources */ = {isa = PBXBuildFile; fileRef = 4EA512B71D539C2300B220EB /* tab_sobre@2x.png */; };
		4EA512C71D539C2300B220EB /* carros_classicos.json in Resources */ = {isa = PBXBuildFile; fileRef = 4EA512B91D539C2300B220EB /* carros_classicos.json */; };
		4EA512C81D539C2300B220EB /* carros_esportivos.json in Resources */ = {isa = PBXBuildFile; fileRef = 4EA512BA1D539C2300B220EB /* carros_esportivos.json */; };
		4EA512C91D539C2300B220EB /* carros_luxo.json in Resources */ = {isa = PBXBuildFile; fileRef = 4EA512BB1D539C2300B220EB /* carros_luxo.json */; };
		4EA512CA1D539C2300B220EB /* carros_classicos.xml in Resources */ = {isa = PBXBuildFile; fileRef = 4EA512BD1D539C2300B220EB /* carros_classicos.xml */; };
		4EA512CB1D539C2300B220EB /* carros_esportivos.xml in Resources */ = {isa = PBXBuildFile; fileRef = 4EA512BE1D539C2300B220EB /* carros_esportivos.xml */; };
		4EA512CC1D539C2300B220EB /* carros_luxo.xml in Resources */ = {isa = PBXBuildFile; fileRef = 4EA512BF1D539C2300B220EB /* carros_luxo.xml */; };
		4EA512D01D539DA800B220EB /* ListaCarrosViewController.xib in Resources */ = {isa = PBXBuildFile; fileRef = 4EA512CE1D539DA800B220EB /* ListaCarrosViewController.xib */; };
		4EA512D41D539DFD00B220EB /* SobreViewController.xib in Resources */ = {isa = PBXBuildFile; fileRef = 4EA512D21D539DFD00B220EB /* SobreViewController.xib */; };
		4EA512D71D539E4700B220EB /* ListaCarrosViewController.swift in Sources */ = {isa = PBXBuildFile; fileRef = 4EA512D51D539E4700B220EB /* ListaCarrosViewController.swift */; };
		4EA512D81D539E4700B220EB /* SobreViewController.swift in Sources */ = {isa = PBXBuildFile; fileRef = 4EA512D61D539E4700B220EB /* SobreViewController.swift */; };
/* End PBXBuildFile section */

/* Begin PBXFileReference section */
		4EA512961D539BA600B220EB /* Carros Swift.app */ = {isa = PBXFileReference; explicitFileType = wrapper.application; includeInIndex = 0; path = "Carros Swift.app"; sourceTree = BUILT_PRODUCTS_DIR; };
		4EA512991D539BA700B220EB /* AppDelegate.swift */ = {isa = PBXFileReference; lastKnownFileType = sourcecode.swift; path = AppDelegate.swift; sourceTree = "<group>"; };
		4EA512A31D539BA700B220EB /* Base */ = {isa = PBXFileReference; lastKnownFileType = file.storyboard; name = Base; path = Base.lproj/LaunchScreen.storyboard; sourceTree = "<group>"; };
		4EA512A51D539BA700B220EB /* Info.plist */ = {isa = PBXFileReference; lastKnownFileType = text.plist.xml; path = Info.plist; sourceTree = "<group>"; };
		4EA512B11D539C2300B220EB /* ferrari_ff.png */ = {isa = PBXFileReference; lastKnownFileType = image.png; path = ferrari_ff.png; sourceTree = "<group>"; };
		4EA512B21D539C2300B220EB /* Images.xcassets */ = {isa = PBXFileReference; lastKnownFileType = folder.assetcatalog; path = Images.xcassets; sourceTree = "<group>"; };
		4EA512B31D539C2300B220EB /* mclaren.png */ = {isa = PBXFileReference; lastKnownFileType = image.png; path = mclaren.png; sourceTree = "<group>"; };
		4EA512B41D539C2300B220EB /* tab_carros.png */ = {isa = PBXFileReference; lastKnownFileType = image.png; path = tab_carros.png; sourceTree = "<group>"; };
		4EA512B51D539C2300B220EB /* tab_carros@2x.png */ = {isa = PBXFileReference; lastKnownFileType = image.png; path = "tab_carros@2x.png"; sourceTree = "<group>"; };
		4EA512B61D539C2300B220EB /* tab_sobre.png */ = {isa = PBXFileReference; lastKnownFileType = image.png; path = tab_sobre.png; sourceTree = "<group>"; };
		4EA512B71D539C2300B220EB /* tab_sobre@2x.png */ = {isa = PBXFileReference; lastKnownFileType = image.png; path = "tab_sobre@2x.png"; sourceTree = "<group>"; };
		4EA512B91D539C2300B220EB /* carros_classicos.json */ = {isa = PBXFileReference; fileEncoding = 4; lastKnownFileType = text.json; path = carros_classicos.json; sourceTree = "<group>"; };
		4EA512BA1D539C2300B220EB /* carros_esportivos.json */ = {isa = PBXFileReference; fileEncoding = 4; lastKnownFileType = text.json; path = carros_esportivos.json; sourceTree = "<group>"; };
		4EA512BB1D539C2300B220EB /* carros_luxo.json */ = {isa = PBXFileReference; fileEncoding = 4; lastKnownFileType = text.json; path = carros_luxo.json; sourceTree = "<group>"; };
		4EA512BD1D539C2300B220EB /* carros_classicos.xml */ = {isa = PBXFileReference; fileEncoding = 4; lastKnownFileType = text.xml; path = carros_classicos.xml; sourceTree = "<group>"; };
		4EA512BE1D539C2300B220EB /* carros_esportivos.xml */ = {isa = PBXFileReference; fileEncoding = 4; lastKnownFileType = text.xml; path = carros_esportivos.xml; sourceTree = "<group>"; };
		4EA512BF1D539C2300B220EB /* carros_luxo.xml */ = {isa = PBXFileReference; fileEncoding = 4; lastKnownFileType = text.xml; path = carros_luxo.xml; sourceTree = "<group>"; };
		4EA512CE1D539DA800B220EB /* ListaCarrosViewController.xib */ = {isa = PBXFileReference; fileEncoding = 4; lastKnownFileType = file.xib; name = ListaCarrosViewController.xib; path = View/ListaCarrosViewController.xib; sourceTree = "<group>"; };
		4EA512D21D539DFD00B220EB /* SobreViewController.xib */ = {isa = PBXFileReference; fileEncoding = 4; lastKnownFileType = file.xib; name = SobreViewController.xib; path = View/SobreViewController.xib; sourceTree = "<group>"; };
		4EA512D51D539E4700B220EB /* ListaCarrosViewController.swift */ = {isa = PBXFileReference; fileEncoding = 4; lastKnownFileType = sourcecode.swift; name = ListaCarrosViewController.swift; path = Controller/ListaCarrosViewController.swift; sourceTree = "<group>"; };
		4EA512D61D539E4700B220EB /* SobreViewController.swift */ = {isa = PBXFileReference; fileEncoding = 4; lastKnownFileType = sourcecode.swift; name = SobreViewController.swift; path = Controller/SobreViewController.swift; sourceTree = "<group>"; };
/* End PBXFileReference section */

/* Begin PBXFrameworksBuildPhase section */
		4EA512931D539BA600B220EB /* Frameworks */ = {
			isa = PBXFrameworksBuildPhase;
			buildActionMask = 2147483647;
			files = (
			);
			runOnlyForDeploymentPostprocessing = 0;
		};
/* End PBXFrameworksBuildPhase section */

/* Begin PBXGroup section */
		4EA5128D1D539BA600B220EB = {
			isa = PBXGroup;
			children = (
				4EA512981D539BA600B220EB /* Carros Swift */,
				4EA512971D539BA600B220EB /* Products */,
			);
			sourceTree = "<group>";
		};
		4EA512971D539BA600B220EB /* Products */ = {
			isa = PBXGroup;
			children = (
				4EA512961D539BA600B220EB /* Carros Swift.app */,
			);
			name = Products;
			sourceTree = "<group>";
		};
		4EA512981D539BA600B220EB /* Carros Swift */ = {
			isa = PBXGroup;
			children = (
				4EA512AB1D539BD900B220EB /* Model */,
				4EA512AC1D539BE300B220EB /* View */,
				4EA512AD1D539BE900B220EB /* Controller */,
				4EA512991D539BA700B220EB /* AppDelegate.swift */,
				4EA512A21D539BA700B220EB /* LaunchScreen.storyboard */,
				4EA512A51D539BA700B220EB /* Info.plist */,
				4EA512AF1D539C2300B220EB /* Resources */,
			);
			path = "Carros Swift";
			sourceTree = "<group>";
		};
		4EA512AB1D539BD900B220EB /* Model */ = {
			isa = PBXGroup;
			children = (
			);
			name = Model;
			sourceTree = "<group>";
		};
		4EA512AC1D539BE300B220EB /* View */ = {
			isa = PBXGroup;
			children = (
				4EA512CE1D539DA800B220EB /* ListaCarrosViewController.xib */,
				4EA512D21D539DFD00B220EB /* SobreViewController.xib */,
			);
			name = View;
			sourceTree = "<group>";
		};
		4EA512AD1D539BE900B220EB /* Controller */ = {
			isa = PBXGroup;
			children = (
				4EA512D51D539E4700B220EB /* ListaCarrosViewController.swift */,
				4EA512D61D539E4700B220EB /* SobreViewController.swift */,
			);
			name = Controller;
			sourceTree = "<group>";
		};
		4EA512AF1D539C2300B220EB /* Resources */ = {
			isa = PBXGroup;
			children = (
				4EA512B01D539C2300B220EB /* Imagens */,
				4EA512B81D539C2300B220EB /* json */,
				4EA512BC1D539C2300B220EB /* xml */,
			);
			name = Resources;
			path = Resources/Resources;
			sourceTree = "<group>";
		};
		4EA512B01D539C2300B220EB /* Imagens */ = {
			isa = PBXGroup;
			children = (
				4EA512B11D539C2300B220EB /* ferrari_ff.png */,
				4EA512B21D539C2300B220EB /* Images.xcassets */,
				4EA512B31D539C2300B220EB /* mclaren.png */,
				4EA512B41D539C2300B220EB /* tab_carros.png */,
				4EA512B51D539C2300B220EB /* tab_carros@2x.png */,
				4EA512B61D539C2300B220EB /* tab_sobre.png */,
				4EA512B71D539C2300B220EB /* tab_sobre@2x.png */,
			);
			path = Imagens;
			sourceTree = "<group>";
		};
		4EA512B81D539C2300B220EB /* json */ = {
			isa = PBXGroup;
			children = (
				4EA512B91D539C2300B220EB /* carros_classicos.json */,
				4EA512BA1D539C2300B220EB /* carros_esportivos.json */,
				4EA512BB1D539C2300B220EB /* carros_luxo.json */,
			);
			path = json;
			sourceTree = "<group>";
		};
		4EA512BC1D539C2300B220EB /* xml */ = {
			isa = PBXGroup;
			children = (
				4EA512BD1D539C2300B220EB /* carros_classicos.xml */,
				4EA512BE1D539C2300B220EB /* carros_esportivos.xml */,
				4EA512BF1D539C2300B220EB /* carros_luxo.xml */,
			);
			path = xml;
			sourceTree = "<group>";
		};
/* End PBXGroup section */

/* Begin PBXNativeTarget section */
		4EA512951D539BA600B220EB /* Carros Swift */ = {
			isa = PBXNativeTarget;
			buildConfigurationList = 4EA512A81D539BA700B220EB /* Build configuration list for PBXNativeTarget "Carros Swift" */;
			buildPhases = (
				4EA512921D539BA600B220EB /* Sources */,
				4EA512931D539BA600B220EB /* Frameworks */,
				4EA512941D539BA600B220EB /* Resources */,
			);
			buildRules = (
			);
			dependencies = (
			);
			name = "Carros Swift";
			productName = "Carros Swift";
			productReference = 4EA512961D539BA600B220EB /* Carros Swift.app */;
			productType = "com.apple.product-type.application";
		};
/* End PBXNativeTarget section */

/* Begin PBXProject section */
		4EA5128E1D539BA600B220EB /* Project object */ = {
			isa = PBXProject;
			attributes = {
				LastSwiftUpdateCheck = 0730;
				LastUpgradeCheck = 0730;
				ORGANIZATIONNAME = "Antonio Lopes";
				TargetAttributes = {
					4EA512951D539BA600B220EB = {
						CreatedOnToolsVersion = 7.3.1;
					};
				};
			};
			buildConfigurationList = 4EA512911D539BA600B220EB /* Build configuration list for PBXProject "Carros Swift" */;
			compatibilityVersion = "Xcode 3.2";
			developmentRegion = English;
			hasScannedForEncodings = 0;
			knownRegions = (
				en,
				Base,
			);
			mainGroup = 4EA5128D1D539BA600B220EB;
			productRefGroup = 4EA512971D539BA600B220EB /* Products */;
			projectDirPath = "";
			projectRoot = "";
			targets = (
				4EA512951D539BA600B220EB /* Carros Swift */,
			);
		};
/* End PBXProject section */

/* Begin PBXResourcesBuildPhase section */
		4EA512941D539BA600B220EB /* Resources */ = {
			isa = PBXResourcesBuildPhase;
			buildActionMask = 2147483647;
			files = (
				4EA512C91D539C2300B220EB /* carros_luxo.json in Resources */,
				4EA512C21D539C2300B220EB /* mclaren.png in Resources */,
				4EA512D41D539DFD00B220EB /* SobreViewController.xib in Resources */,
				4EA512C51D539C2300B220EB /* tab_sobre.png in Resources */,
				4EA512C71D539C2300B220EB /* carros_classicos.json in Resources */,
				4EA512C81D539C2300B220EB /* carros_esportivos.json in Resources */,
				4EA512C11D539C2300B220EB /* Images.xcassets in Resources */,
				4EA512D01D539DA800B220EB /* ListaCarrosViewController.xib in Resources */,
				4EA512C41D539C2300B220EB /* tab_carros@2x.png in Resources */,
				4EA512CC1D539C2300B220EB /* carros_luxo.xml in Resources */,
				4EA512A41D539BA700B220EB /* LaunchScreen.storyboard in Resources */,
				4EA512CA1D539C2300B220EB /* carros_classicos.xml in Resources */,
				4EA512C31D539C2300B220EB /* tab_carros.png in Resources */,
				4EA512CB1D539C2300B220EB /* carros_esportivos.xml in Resources */,
				4EA512C61D539C2300B220EB /* tab_sobre@2x.png in Resources */,
				4EA512C01D539C2300B220EB /* ferrari_ff.png in Resources */,
			);
			runOnlyForDeploymentPostprocessing = 0;
		};
/* End PBXResourcesBuildPhase section */

/* Begin PBXSourcesBuildPhase section */
		4EA512921D539BA600B220EB /* Sources */ = {
			isa = PBXSourcesBuildPhase;
			buildActionMask = 2147483647;
			files = (
				4EA512D81D539E4700B220EB /* SobreViewController.swift in Sources */,
				4EA512D71D539E4700B220EB /* ListaCarrosViewController.swift in Sources */,
				4EA5129A1D539BA700B220EB /* AppDelegate.swift in Sources */,
			);
			runOnlyForDeploymentPostprocessing = 0;
		};
/* End PBXSourcesBuildPhase section */

/* Begin PBXVariantGroup section */
		4EA512A21D539BA700B220EB /* LaunchScreen.storyboard */ = {
			isa = PBXVariantGroup;
			children = (
				4EA512A31D539BA700B220EB /* Base */,
			);
			name = LaunchScreen.storyboard;
			sourceTree = "<group>";
		};
/* End PBXVariantGroup section */

/* Begin XCBuildConfiguration section */
		4EA512A61D539BA700B220EB /* Debug */ = {
			isa = XCBuildConfiguration;
			buildSettings = {
				ALWAYS_SEARCH_USER_PATHS = NO;
				CLANG_ANALYZER_NONNULL = YES;
				CLANG_CXX_LANGUAGE_STANDARD = "gnu++0x";
				CLANG_CXX_LIBRARY = "libc++";
				CLANG_ENABLE_MODULES = YES;
				CLANG_ENABLE_OBJC_ARC = YES;
				CLANG_WARN_BOOL_CONVERSION = YES;
				CLANG_WARN_CONSTANT_CONVERSION = YES;
				CLANG_WARN_DIRECT_OBJC_ISA_USAGE = YES_ERROR;
				CLANG_WARN_EMPTY_BODY = YES;
				CLANG_WARN_ENUM_CONVERSION = YES;
				CLANG_WARN_INT_CONVERSION = YES;
				CLANG_WARN_OBJC_ROOT_CLASS = YES_ERROR;
				CLANG_WARN_UNREACHABLE_CODE = YES;
				CLANG_WARN__DUPLICATE_METHOD_MATCH = YES;
				"CODE_SIGN_IDENTITY[sdk=iphoneos*]" = "iPhone Developer";
				COPY_PHASE_STRIP = NO;
				DEBUG_INFORMATION_FORMAT = dwarf;
				ENABLE_STRICT_OBJC_MSGSEND = YES;
				ENABLE_TESTABILITY = YES;
				GCC_C_LANGUAGE_STANDARD = gnu99;
				GCC_DYNAMIC_NO_PIC = NO;
				GCC_NO_COMMON_BLOCKS = YES;
				GCC_OPTIMIZATION_LEVEL = 0;
				GCC_PREPROCESSOR_DEFINITIONS = (
					"DEBUG=1",
					"$(inherited)",
				);
				GCC_WARN_64_TO_32_BIT_CONVERSION = YES;
				GCC_WARN_ABOUT_RETURN_TYPE = YES_ERROR;
				GCC_WARN_UNDECLARED_SELECTOR = YES;
				GCC_WARN_UNINITIALIZED_AUTOS = YES_AGGRESSIVE;
				GCC_WARN_UNUSED_FUNCTION = YES;
				GCC_WARN_UNUSED_VARIABLE = YES;
				IPHONEOS_DEPLOYMENT_TARGET = 9.3;
				MTL_ENABLE_DEBUG_INFO = YES;
				ONLY_ACTIVE_ARCH = YES;
				SDKROOT = iphoneos;
				SWIFT_OPTIMIZATION_LEVEL = "-Onone";
				TARGETED_DEVICE_FAMILY = "1,2";
			};
			name = Debug;
		};
		4EA512A71D539BA700B220EB /* Release */ = {
			isa = XCBuildConfiguration;
			buildSettings = {
				ALWAYS_SEARCH_USER_PATHS = NO;
				CLANG_ANALYZER_NONNULL = YES;
				CLANG_CXX_LANGUAGE_STANDARD = "gnu++0x";
				CLANG_CXX_LIBRARY = "libc++";
				CLANG_ENABLE_MODULES = YES;
				CLANG_ENABLE_OBJC_ARC = YES;
				CLANG_WARN_BOOL_CONVERSION = YES;
				CLANG_WARN_CONSTANT_CONVERSION = YES;
				CLANG_WARN_DIRECT_OBJC_ISA_USAGE = YES_ERROR;
				CLANG_WARN_EMPTY_BODY = YES;
				CLANG_WARN_ENUM_CONVERSION = YES;
				CLANG_WARN_INT_CONVERSION = YES;
				CLANG_WARN_OBJC_ROOT_CLASS = YES_ERROR;
				CLANG_WARN_UNREACHABLE_CODE = YES;
				CLANG_WARN__DUPLICATE_METHOD_MATCH = YES;
				"CODE_SIGN_IDENTITY[sdk=iphoneos*]" = "iPhone Developer";
				COPY_PHASE_STRIP = NO;
				DEBUG_INFORMATION_FORMAT = "dwarf-with-dsym";
				ENABLE_NS_ASSERTIONS = NO;
				ENABLE_STRICT_OBJC_MSGSEND = YES;
				GCC_C_LANGUAGE_STANDARD = gnu99;
				GCC_NO_COMMON_BLOCKS = YES;
				GCC_WARN_64_TO_32_BIT_CONVERSION = YES;
				GCC_WARN_ABOUT_RETURN_TYPE = YES_ERROR;
				GCC_WARN_UNDECLARED_SELECTOR = YES;
				GCC_WARN_UNINITIALIZED_AUTOS = YES_AGGRESSIVE;
				GCC_WARN_UNUSED_FUNCTION = YES;
				GCC_WARN_UNUSED_VARIABLE = YES;
				IPHONEOS_DEPLOYMENT_TARGET = 9.3;
				MTL_ENABLE_DEBUG_INFO = NO;
				SDKROOT = iphoneos;
				TARGETED_DEVICE_FAMILY = "1,2";
				VALIDATE_PRODUCT = YES;
			};
			name = Release;
		};
		4EA512A91D539BA700B220EB /* Debug */ = {
			isa = XCBuildConfiguration;
			buildSettings = {
				ASSETCATALOG_COMPILER_APPICON_NAME = AppIcon;
				INFOPLIST_FILE = "Carros Swift/Info.plist";
				IPHONEOS_DEPLOYMENT_TARGET = 9.3;
				LD_RUNPATH_SEARCH_PATHS = "$(inherited) @executable_path/Frameworks";
				PRODUCT_BUNDLE_IDENTIFIER = "br.livro.Carros-Swift";
				PRODUCT_NAME = "$(TARGET_NAME)";
			};
			name = Debug;
		};
		4EA512AA1D539BA700B220EB /* Release */ = {
			isa = XCBuildConfiguration;
			buildSettings = {
				ASSETCATALOG_COMPILER_APPICON_NAME = AppIcon;
				INFOPLIST_FILE = "Carros Swift/Info.plist";
				IPHONEOS_DEPLOYMENT_TARGET = 9.3;
				LD_RUNPATH_SEARCH_PATHS = "$(inherited) @executable_path/Frameworks";
				PRODUCT_BUNDLE_IDENTIFIER = "br.livro.Carros-Swift";
				PRODUCT_NAME = "$(TARGET_NAME)";
			};
			name = Release;
		};
/* End XCBuildConfiguration section */

/* Begin XCConfigurationList section */
		4EA512911D539BA600B220EB /* Build configuration list for PBXProject "Carros Swift" */ = {
			isa = XCConfigurationList;
			buildConfigurations = (
				4EA512A61D539BA700B220EB /* Debug */,
				4EA512A71D539BA700B220EB /* Release */,
			);
			defaultConfigurationIsVisible = 0;
			defaultConfigurationName = Release;
		};
		4EA512A81D539BA700B220EB /* Build configuration list for PBXNativeTarget "Carros Swift" */ = {
			isa = XCConfigurationList;
			buildConfigurations = (
				4EA512A91D539BA700B220EB /* Debug */,
				4EA512AA1D539BA700B220EB /* Release */,
			);
			defaultConfigurationIsVisible = 0;
		};
/* End XCConfigurationList section */
	};
	rootObject = 4EA5128E1D539BA600B220EB /* Project object */;
}
